
Microsoft Visual Studio Solution File, Format Version 12.00
# Visual Studio 15
VisualStudioVersion = 15.0.28307.1433
MinimumVisualStudioVersion = 10.0.40219.1
Project("{9A19103F-16F7-4668-BE54-9A1E7A4F7556}") = "SeerBitDotNetLibrary", "SeerBitDotNetLibrary\SeerBitDotNetLibrary.csproj", "{DDD7D66F-A015-403C-81C6-BD0FEABADC5C}"
EndProject
Project("{9A19103F-16F7-4668-BE54-9A1E7A4F7556}") = "SeerBitDotNetAPILibrary", "SeerBitDotNetAPILibrary\SeerBitDotNetAPILibrary.csproj", "{AACB7127-F895-4BD4-91D2-D2910BF5665D}"
EndProject
Global
	GlobalSection(SolutionConfigurationPlatforms) = preSolution
		Debug|Any CPU = Debug|Any CPU
		Release|Any CPU = Release|Any CPU
	EndGlobalSection
	GlobalSection(ProjectConfigurationPlatforms) = postSolution
		{DDD7D66F-A015-403C-81C6-BD0FEABADC5C}.Debug|Any CPU.ActiveCfg = Debug|Any CPU
		{DDD7D66F-A015-403C-81C6-BD0FEABADC5C}.Debug|Any CPU.Build.0 = Debug|Any CPU
		{DDD7D66F-A015-403C-81C6-BD0FEABADC5C}.Release|Any CPU.ActiveCfg = Release|Any CPU
		{DDD7D66F-A015-403C-81C6-BD0FEABADC5C}.Release|Any CPU.Build.0 = Release|Any CPU
		{AACB7127-F895-4BD4-91D2-D2910BF5665D}.Debug|Any CPU.ActiveCfg = Debug|Any CPU
		{AACB7127-F895-4BD4-91D2-D2910BF5665D}.Debug|Any CPU.Build.0 = Debug|Any CPU
		{AACB7127-F895-4BD4-91D2-D2910BF5665D}.Release|Any CPU.ActiveCfg = Release|Any CPU
		{AACB7127-F895-4BD4-91D2-D2910BF5665D}.Release|Any CPU.Build.0 = Release|Any CPU
	EndGlobalSection
	GlobalSection(SolutionProperties) = preSolution
		HideSolutionNode = FALSE
	EndGlobalSection
	GlobalSection(ExtensibilityGlobals) = postSolution
		SolutionGuid = {7AC5C82B-EEBB-4824-A5F6-2705AD7C005A}
	EndGlobalSection
EndGlobal
